
Microsoft Visual Studio Solution File, Format Version 12.00
# Visual Studio Version 17
VisualStudioVersion = 17.7.34009.444
MinimumVisualStudioVersion = 10.0.40219.1
Project("{FAE04EC0-301F-11D3-BF4B-00C04F79EFBC}") = "ConsoleApp9", "ConsoleApp9\ConsoleApp9.csproj", "{D02AB70C-CA12-4639-A938-83215C173B4A}"
EndProject
Global
	GlobalSection(SolutionConfigurationPlatforms) = preSolution
		Debug|Any CPU = Debug|Any CPU
		Release|Any CPU = Release|Any CPU
	EndGlobalSection
	GlobalSection(ProjectConfigurationPlatforms) = postSolution
		{D02AB70C-CA12-4639-A938-83215C173B4A}.Debug|Any CPU.ActiveCfg = Debug|Any CPU
		{D02AB70C-CA12-4639-A938-83215C173B4A}.Debug|Any CPU.Build.0 = Debug|Any CPU
		{D02AB70C-CA12-4639-A938-83215C173B4A}.Release|Any CPU.ActiveCfg = Release|Any CPU
		{D02AB70C-CA12-4639-A938-83215C173B4A}.Release|Any CPU.Build.0 = Release|Any CPU
	EndGlobalSection
	GlobalSection(SolutionProperties) = preSolution
		HideSolutionNode = FALSE
	EndGlobalSection
	GlobalSection(ExtensibilityGlobals) = postSolution
		SolutionGuid = {EF647F38-CB94-41FB-8677-A70BBF939DB2}
	EndGlobalSection
EndGlobal
